
Microsoft Visual Studio Solution File, Format Version 12.00
# Visual Studio Version 16
VisualStudioVersion = 16.0.30523.141
MinimumVisualStudioVersion = 10.0.40219.1
Project("{FAE04EC0-301F-11D3-BF4B-00C04F79EFBC}") = "InventoryMgtSystem_Mehak_7", "InventoryMgtSystem_Mehak_7\InventoryMgtSystem_Mehak_7.csproj", "{278075A3-5D7C-4610-B49D-DCACEAE87688}"
EndProject
Global
	GlobalSection(SolutionConfigurationPlatforms) = preSolution
		Debug|Any CPU = Debug|Any CPU
		Release|Any CPU = Release|Any CPU
	EndGlobalSection
	GlobalSection(ProjectConfigurationPlatforms) = postSolution
		{278075A3-5D7C-4610-B49D-DCACEAE87688}.Debug|Any CPU.ActiveCfg = Debug|Any CPU
		{278075A3-5D7C-4610-B49D-DCACEAE87688}.Debug|Any CPU.Build.0 = Debug|Any CPU
		{278075A3-5D7C-4610-B49D-DCACEAE87688}.Release|Any CPU.ActiveCfg = Release|Any CPU
		{278075A3-5D7C-4610-B49D-DCACEAE87688}.Release|Any CPU.Build.0 = Release|Any CPU
	EndGlobalSection
	GlobalSection(SolutionProperties) = preSolution
		HideSolutionNode = FALSE
	EndGlobalSection
	GlobalSection(ExtensibilityGlobals) = postSolution
		SolutionGuid = {F035B934-300B-4388-8EEB-03501933AE29}
	EndGlobalSection
EndGlobal
